<?xml version="1.0" encoding="UTF-8"?>
<CodeBlocks_project_file>
	<FileVersion major="1" minor="6"/>
	<Project>
		<Option title="tower_defence_2"/>
		<Option makefile_is_custom="1"/>
		<Option compiler="gcc"/>
		<Option virtualFolders="CMake Files\;"/>
		<Build>
			<Target title="all">
				<Option working_dir="/u/32/hyytiat4/unix/Documents/C++/TD/tower-defence-2"/>
				<Option type="4"/>
				<MakeCommands>
					<Build command="/usr/bin/make -f &quot;/u/32/hyytiat4/unix/Documents/C++/TD/tower-defence-2/Makefile&quot;  VERBOSE=1 all"/>
					<CompileFile command="/usr/bin/make -f &quot;/u/32/hyytiat4/unix/Documents/C++/TD/tower-defence-2/Makefile&quot;  VERBOSE=1 &quot;$file&quot;"/>
					<Clean command="/usr/bin/make -f &quot;/u/32/hyytiat4/unix/Documents/C++/TD/tower-defence-2/Makefile&quot;  VERBOSE=1 clean"/>
					<DistClean command="/usr/bin/make -f &quot;/u/32/hyytiat4/unix/Documents/C++/TD/tower-defence-2/Makefile&quot;  VERBOSE=1 clean"/>
				</MakeCommands>
			</Target>
			<Target title="rebuild_cache">
				<Option working_dir="/u/32/hyytiat4/unix/Documents/C++/TD/tower-defence-2"/>
				<Option type="4"/>
				<MakeCommands>
					<Build command="/usr/bin/make -f &quot;/u/32/hyytiat4/unix/Documents/C++/TD/tower-defence-2/Makefile&quot;  VERBOSE=1 rebuild_cache"/>
					<CompileFile command="/usr/bin/make -f &quot;/u/32/hyytiat4/unix/Documents/C++/TD/tower-defence-2/Makefile&quot;  VERBOSE=1 &quot;$file&quot;"/>
					<Clean command="/usr/bin/make -f &quot;/u/32/hyytiat4/unix/Documents/C++/TD/tower-defence-2/Makefile&quot;  VERBOSE=1 clean"/>
					<DistClean command="/usr/bin/make -f &quot;/u/32/hyytiat4/unix/Documents/C++/TD/tower-defence-2/Makefile&quot;  VERBOSE=1 clean"/>
				</MakeCommands>
			</Target>
			<Target title="edit_cache">
				<Option working_dir="/u/32/hyytiat4/unix/Documents/C++/TD/tower-defence-2"/>
				<Option type="4"/>
				<MakeCommands>
					<Build command="/usr/bin/make -f &quot;/u/32/hyytiat4/unix/Documents/C++/TD/tower-defence-2/Makefile&quot;  VERBOSE=1 edit_cache"/>
					<CompileFile command="/usr/bin/make -f &quot;/u/32/hyytiat4/unix/Documents/C++/TD/tower-defence-2/Makefile&quot;  VERBOSE=1 &quot;$file&quot;"/>
					<Clean command="/usr/bin/make -f &quot;/u/32/hyytiat4/unix/Documents/C++/TD/tower-defence-2/Makefile&quot;  VERBOSE=1 clean"/>
					<DistClean command="/usr/bin/make -f &quot;/u/32/hyytiat4/unix/Documents/C++/TD/tower-defence-2/Makefile&quot;  VERBOSE=1 clean"/>
				</MakeCommands>
			</Target>
			<Target title="tower_defence_2">
				<Option output="/u/32/hyytiat4/unix/Documents/C++/TD/tower-defence-2/build/tower_defence_2" prefix_auto="0" extension_auto="0"/>
				<Option working_dir="build/"/>
				<Option object_output="./"/>
				<Option type="1"/>
				<Option compiler="gcc"/>
				<Compiler/>
				<MakeCommands>
					<Build command="/usr/bin/make -f &quot;/u/32/hyytiat4/unix/Documents/C++/TD/tower-defence-2/Makefile&quot;  VERBOSE=1 tower_defence_2"/>
					<CompileFile command="/usr/bin/make -f &quot;/u/32/hyytiat4/unix/Documents/C++/TD/tower-defence-2/Makefile&quot;  VERBOSE=1 &quot;$file&quot;"/>
					<Clean command="/usr/bin/make -f &quot;/u/32/hyytiat4/unix/Documents/C++/TD/tower-defence-2/Makefile&quot;  VERBOSE=1 clean"/>
					<DistClean command="/usr/bin/make -f &quot;/u/32/hyytiat4/unix/Documents/C++/TD/tower-defence-2/Makefile&quot;  VERBOSE=1 clean"/>
				</MakeCommands>
			</Target>
			<Target title="tower_defence_2/fast">
				<Option output="/u/32/hyytiat4/unix/Documents/C++/TD/tower-defence-2/build/tower_defence_2" prefix_auto="0" extension_auto="0"/>
				<Option working_dir="build/"/>
				<Option object_output="./"/>
				<Option type="1"/>
				<Option compiler="gcc"/>
				<Compiler/>
				<MakeCommands>
					<Build command="/usr/bin/make -f &quot;/u/32/hyytiat4/unix/Documents/C++/TD/tower-defence-2/Makefile&quot;  VERBOSE=1 tower_defence_2/fast"/>
					<CompileFile command="/usr/bin/make -f &quot;/u/32/hyytiat4/unix/Documents/C++/TD/tower-defence-2/Makefile&quot;  VERBOSE=1 &quot;$file&quot;"/>
					<Clean command="/usr/bin/make -f &quot;/u/32/hyytiat4/unix/Documents/C++/TD/tower-defence-2/Makefile&quot;  VERBOSE=1 clean"/>
					<DistClean command="/usr/bin/make -f &quot;/u/32/hyytiat4/unix/Documents/C++/TD/tower-defence-2/Makefile&quot;  VERBOSE=1 clean"/>
				</MakeCommands>
			</Target>
		</Build>
		<Unit filename="/u/32/hyytiat4/unix/Documents/C++/TD/tower-defence-2/src/Graphics/graphicsButton.cpp">
			<Option target="tower_defence_2"/>
		</Unit>
		<Unit filename="/u/32/hyytiat4/unix/Documents/C++/TD/tower-defence-2/src/Graphics/graphicsButton.h">
			<Option target="tower_defence_2"/>
		</Unit>
		<Unit filename="/u/32/hyytiat4/unix/Documents/C++/TD/tower-defence-2/src/Graphics/graphicsEngine.cpp">
			<Option target="tower_defence_2"/>
		</Unit>
		<Unit filename="/u/32/hyytiat4/unix/Documents/C++/TD/tower-defence-2/src/Graphics/graphicsEngine.h">
			<Option target="tower_defence_2"/>
		</Unit>
		<Unit filename="/u/32/hyytiat4/unix/Documents/C++/TD/tower-defence-2/src/Graphics/graphicsFunctions.cpp">
			<Option target="tower_defence_2"/>
		</Unit>
		<Unit filename="/u/32/hyytiat4/unix/Documents/C++/TD/tower-defence-2/src/Graphics/graphicsFunctions.h">
			<Option target="tower_defence_2"/>
		</Unit>
		<Unit filename="/u/32/hyytiat4/unix/Documents/C++/TD/tower-defence-2/src/engine.cpp">
			<Option target="tower_defence_2"/>
		</Unit>
		<Unit filename="/u/32/hyytiat4/unix/Documents/C++/TD/tower-defence-2/src/engine.h">
			<Option target="tower_defence_2"/>
		</Unit>
		<Unit filename="/u/32/hyytiat4/unix/Documents/C++/TD/tower-defence-2/src/geom2D.cpp">
			<Option target="tower_defence_2"/>
		</Unit>
		<Unit filename="/u/32/hyytiat4/unix/Documents/C++/TD/tower-defence-2/src/geom2D.h">
			<Option target="tower_defence_2"/>
		</Unit>
		<Unit filename="/u/32/hyytiat4/unix/Documents/C++/TD/tower-defence-2/src/level.cpp">
			<Option target="tower_defence_2"/>
		</Unit>
		<Unit filename="/u/32/hyytiat4/unix/Documents/C++/TD/tower-defence-2/src/level.h">
			<Option target="tower_defence_2"/>
		</Unit>
		<Unit filename="/u/32/hyytiat4/unix/Documents/C++/TD/tower-defence-2/src/main.cpp">
			<Option target="tower_defence_2"/>
		</Unit>
		<Unit filename="/u/32/hyytiat4/unix/Documents/C++/TD/tower-defence-2/src/map/map.cpp">
			<Option target="tower_defence_2"/>
		</Unit>
		<Unit filename="/u/32/hyytiat4/unix/Documents/C++/TD/tower-defence-2/src/map/map.h">
			<Option target="tower_defence_2"/>
		</Unit>
		<Unit filename="/u/32/hyytiat4/unix/Documents/C++/TD/tower-defence-2/src/map/path.cpp">
			<Option target="tower_defence_2"/>
		</Unit>
		<Unit filename="/u/32/hyytiat4/unix/Documents/C++/TD/tower-defence-2/src/map/path.h">
			<Option target="tower_defence_2"/>
		</Unit>
		<Unit filename="/u/32/hyytiat4/unix/Documents/C++/TD/tower-defence-2/src/map/tile.cpp">
			<Option target="tower_defence_2"/>
		</Unit>
		<Unit filename="/u/32/hyytiat4/unix/Documents/C++/TD/tower-defence-2/src/map/tile.h">
			<Option target="tower_defence_2"/>
		</Unit>
		<Unit filename="/u/32/hyytiat4/unix/Documents/C++/TD/tower-defence-2/src/map/tiles.cpp">
			<Option target="tower_defence_2"/>
		</Unit>
		<Unit filename="/u/32/hyytiat4/unix/Documents/C++/TD/tower-defence-2/src/map/tiles.h">
			<Option target="tower_defence_2"/>
		</Unit>
		<Unit filename="/u/32/hyytiat4/unix/Documents/C++/TD/tower-defence-2/src/objects/enemy.cpp">
			<Option target="tower_defence_2"/>
		</Unit>
		<Unit filename="/u/32/hyytiat4/unix/Documents/C++/TD/tower-defence-2/src/objects/enemy.h">
			<Option target="tower_defence_2"/>
		</Unit>
		<Unit filename="/u/32/hyytiat4/unix/Documents/C++/TD/tower-defence-2/src/objects/object.cpp">
			<Option target="tower_defence_2"/>
		</Unit>
		<Unit filename="/u/32/hyytiat4/unix/Documents/C++/TD/tower-defence-2/src/objects/object.h">
			<Option target="tower_defence_2"/>
		</Unit>
		<Unit filename="/u/32/hyytiat4/unix/Documents/C++/TD/tower-defence-2/src/objects/tower.cpp">
			<Option target="tower_defence_2"/>
		</Unit>
		<Unit filename="/u/32/hyytiat4/unix/Documents/C++/TD/tower-defence-2/src/objects/tower.h">
			<Option target="tower_defence_2"/>
		</Unit>
		<Unit filename="/u/32/hyytiat4/unix/Documents/C++/TD/tower-defence-2/CMakeLists.txt">
			<Option virtualFolder="CMake Files\"/>
		</Unit>
	</Project>
</CodeBlocks_project_file>
